
Microsoft Visual Studio Solution File, Format Version 12.00
# Visual Studio Version 17
VisualStudioVersion = 17.3.32825.248
MinimumVisualStudioVersion = 10.0.40219.1
Project("{2150E333-8FDC-42A3-9474-1A3956D46DE8}") = "web-apps", "web-apps", "{6AC53796-53A1-420E-B9D5-8FF95E43470E}"
EndProject
Project("{2150E333-8FDC-42A3-9474-1A3956D46DE8}") = "functions", "functions", "{466388D2-6E26-425F-B704-44DF09CCC201}"
EndProject
Project("{9A19103F-16F7-4668-BE54-9A1E7A4F7556}") = "functions", "functions\functions.csproj", "{B1CD2B1A-BF55-4C01-96C6-FEAFBB9B28DA}"
EndProject
Project("{9A19103F-16F7-4668-BE54-9A1E7A4F7556}") = "FirstWebApp", "FirstWebApp\FirstWebApp.csproj", "{27B4503D-580F-4428-B9D4-7134BC640538}"
EndProject
Project("{9A19103F-16F7-4668-BE54-9A1E7A4F7556}") = "FunctionsWithBindings", "FunctionsWithBindings\FunctionsWithBindings.csproj", "{4C6B1B16-0605-4251-AE0D-6BD1738B970D}"
EndProject
Project("{2150E333-8FDC-42A3-9474-1A3956D46DE8}") = "storages", "storages", "{59ADE009-2BC1-40E8-B58D-FC68C70C9B51}"
EndProject
Project("{9A19103F-16F7-4668-BE54-9A1E7A4F7556}") = "BlobStorageApp", "BlobStorageApp\BlobStorageApp.csproj", "{8FC78223-0994-4272-A3B5-D62794151A34}"
EndProject
Project("{9A19103F-16F7-4668-BE54-9A1E7A4F7556}") = "QueueStorage", "QueueStorage\QueueStorage.csproj", "{2DF006FA-B709-47A8-A2C4-A39C7A63467A}"
EndProject
Global
	GlobalSection(SolutionConfigurationPlatforms) = preSolution
		Debug|Any CPU = Debug|Any CPU
		Release|Any CPU = Release|Any CPU
	EndGlobalSection
	GlobalSection(ProjectConfigurationPlatforms) = postSolution
		{B1CD2B1A-BF55-4C01-96C6-FEAFBB9B28DA}.Debug|Any CPU.ActiveCfg = Debug|Any CPU
		{B1CD2B1A-BF55-4C01-96C6-FEAFBB9B28DA}.Debug|Any CPU.Build.0 = Debug|Any CPU
		{B1CD2B1A-BF55-4C01-96C6-FEAFBB9B28DA}.Release|Any CPU.ActiveCfg = Release|Any CPU
		{B1CD2B1A-BF55-4C01-96C6-FEAFBB9B28DA}.Release|Any CPU.Build.0 = Release|Any CPU
		{27B4503D-580F-4428-B9D4-7134BC640538}.Debug|Any CPU.ActiveCfg = Debug|Any CPU
		{27B4503D-580F-4428-B9D4-7134BC640538}.Debug|Any CPU.Build.0 = Debug|Any CPU
		{27B4503D-580F-4428-B9D4-7134BC640538}.Release|Any CPU.ActiveCfg = Release|Any CPU
		{27B4503D-580F-4428-B9D4-7134BC640538}.Release|Any CPU.Build.0 = Release|Any CPU
		{4C6B1B16-0605-4251-AE0D-6BD1738B970D}.Debug|Any CPU.ActiveCfg = Debug|Any CPU
		{4C6B1B16-0605-4251-AE0D-6BD1738B970D}.Debug|Any CPU.Build.0 = Debug|Any CPU
		{4C6B1B16-0605-4251-AE0D-6BD1738B970D}.Release|Any CPU.ActiveCfg = Release|Any CPU
		{4C6B1B16-0605-4251-AE0D-6BD1738B970D}.Release|Any CPU.Build.0 = Release|Any CPU
		{8FC78223-0994-4272-A3B5-D62794151A34}.Debug|Any CPU.ActiveCfg = Debug|Any CPU
		{8FC78223-0994-4272-A3B5-D62794151A34}.Debug|Any CPU.Build.0 = Debug|Any CPU
		{8FC78223-0994-4272-A3B5-D62794151A34}.Release|Any CPU.ActiveCfg = Release|Any CPU
		{8FC78223-0994-4272-A3B5-D62794151A34}.Release|Any CPU.Build.0 = Release|Any CPU
		{2DF006FA-B709-47A8-A2C4-A39C7A63467A}.Debug|Any CPU.ActiveCfg = Debug|Any CPU
		{2DF006FA-B709-47A8-A2C4-A39C7A63467A}.Debug|Any CPU.Build.0 = Debug|Any CPU
		{2DF006FA-B709-47A8-A2C4-A39C7A63467A}.Release|Any CPU.ActiveCfg = Release|Any CPU
		{2DF006FA-B709-47A8-A2C4-A39C7A63467A}.Release|Any CPU.Build.0 = Release|Any CPU
	EndGlobalSection
	GlobalSection(SolutionProperties) = preSolution
		HideSolutionNode = FALSE
	EndGlobalSection
	GlobalSection(NestedProjects) = preSolution
		{B1CD2B1A-BF55-4C01-96C6-FEAFBB9B28DA} = {466388D2-6E26-425F-B704-44DF09CCC201}
		{27B4503D-580F-4428-B9D4-7134BC640538} = {6AC53796-53A1-420E-B9D5-8FF95E43470E}
		{4C6B1B16-0605-4251-AE0D-6BD1738B970D} = {466388D2-6E26-425F-B704-44DF09CCC201}
		{8FC78223-0994-4272-A3B5-D62794151A34} = {59ADE009-2BC1-40E8-B58D-FC68C70C9B51}
		{2DF006FA-B709-47A8-A2C4-A39C7A63467A} = {59ADE009-2BC1-40E8-B58D-FC68C70C9B51}
	EndGlobalSection
	GlobalSection(ExtensibilityGlobals) = postSolution
		SolutionGuid = {06795CCD-9CC4-4B88-9675-F4D193B903EE}
	EndGlobalSection
EndGlobal
